
Microsoft Visual Studio Solution File, Format Version 12.00
# Visual Studio Version 17
VisualStudioVersion = 17.14.37314.3
MinimumVisualStudioVersion = 10.0.40219.1
Project("{8BC9CEB8-8B4A-11D0-8D11-00A0C91BC942}") = "Client", "NetworkProgramming\NetworkProgramming.vcxproj", "{D456DC2E-29A5-4DEB-8470-B85252F4340B}"
EndProject
Project("{8BC9CEB8-8B4A-11D0-8D11-00A0C91BC942}") = "Server", "Server\Server.vcxproj", "{9BAE4186-0CEF-44F0-AADF-315A10725A5C}"
EndProject
Project("{8BC9CEB8-8B4A-11D0-8D11-00A0C91BC942}") = "FormatLastError", "FormatLastError\FormatLastError.vcxproj", "{0D8F56A4-649B-4A4B-9F8D-06390276D2C1}"
EndProject
Project("{8BC9CEB8-8B4A-11D0-8D11-00A0C91BC942}") = "Threads", "Threads\Threads.vcxproj", "{8C4CA916-C9E5-463E-B1E7-830063C9A6A4}"
EndProject
Project("{8BC9CEB8-8B4A-11D0-8D11-00A0C91BC942}") = "Car", "Car\Car.vcxproj", "{0FA2C186-E903-49B7-AD00-F75F4AA324C7}"
EndProject
Global
	GlobalSection(SolutionConfigurationPlatforms) = preSolution
		Debug|x64 = Debug|x64
		Debug|x86 = Debug|x86
		Release|x64 = Release|x64
		Release|x86 = Release|x86
	EndGlobalSection
	GlobalSection(ProjectConfigurationPlatforms) = postSolution
		{D456DC2E-29A5-4DEB-8470-B85252F4340B}.Debug|x64.ActiveCfg = Debug|x64
		{D456DC2E-29A5-4DEB-8470-B85252F4340B}.Debug|x64.Build.0 = Debug|x64
		{D456DC2E-29A5-4DEB-8470-B85252F4340B}.Debug|x86.ActiveCfg = Debug|Win32
		{D456DC2E-29A5-4DEB-8470-B85252F4340B}.Debug|x86.Build.0 = Debug|Win32
		{D456DC2E-29A5-4DEB-8470-B85252F4340B}.Release|x64.ActiveCfg = Release|x64
		{D456DC2E-29A5-4DEB-8470-B85252F4340B}.Release|x64.Build.0 = Release|x64
		{D456DC2E-29A5-4DEB-8470-B85252F4340B}.Release|x86.ActiveCfg = Release|Win32
		{D456DC2E-29A5-4DEB-8470-B85252F4340B}.Release|x86.Build.0 = Release|Win32
		{9BAE4186-0CEF-44F0-AADF-315A10725A5C}.Debug|x64.ActiveCfg = Debug|x64
		{9BAE4186-0CEF-44F0-AADF-315A10725A5C}.Debug|x64.Build.0 = Debug|x64
		{9BAE4186-0CEF-44F0-AADF-315A10725A5C}.Debug|x86.ActiveCfg = Debug|Win32
		{9BAE4186-0CEF-44F0-AADF-315A10725A5C}.Debug|x86.Build.0 = Debug|Win32
		{9BAE4186-0CEF-44F0-AADF-315A10725A5C}.Release|x64.ActiveCfg = Release|x64
		{9BAE4186-0CEF-44F0-AADF-315A10725A5C}.Release|x64.Build.0 = Release|x64
		{9BAE4186-0CEF-44F0-AADF-315A10725A5C}.Release|x86.ActiveCfg = Release|Win32
		{9BAE4186-0CEF-44F0-AADF-315A10725A5C}.Release|x86.Build.0 = Release|Win32
		{0D8F56A4-649B-4A4B-9F8D-06390276D2C1}.Debug|x64.ActiveCfg = Debug|x64
		{0D8F56A4-649B-4A4B-9F8D-06390276D2C1}.Debug|x64.Build.0 = Debug|x64
		{0D8F56A4-649B-4A4B-9F8D-06390276D2C1}.Debug|x86.ActiveCfg = Debug|Win32
		{0D8F56A4-649B-4A4B-9F8D-06390276D2C1}.Debug|x86.Build.0 = Debug|Win32
		{0D8F56A4-649B-4A4B-9F8D-06390276D2C1}.Release|x64.ActiveCfg = Release|x64
		{0D8F56A4-649B-4A4B-9F8D-06390276D2C1}.Release|x64.Build.0 = Release|x64
		{0D8F56A4-649B-4A4B-9F8D-06390276D2C1}.Release|x86.ActiveCfg = Release|Win32
		{0D8F56A4-649B-4A4B-9F8D-06390276D2C1}.Release|x86.Build.0 = Release|Win32
		{8C4CA916-C9E5-463E-B1E7-830063C9A6A4}.Debug|x64.ActiveCfg = Debug|x64
		{8C4CA916-C9E5-463E-B1E7-830063C9A6A4}.Debug|x64.Build.0 = Debug|x64
		{8C4CA916-C9E5-463E-B1E7-830063C9A6A4}.Debug|x86.ActiveCfg = Debug|Win32
		{8C4CA916-C9E5-463E-B1E7-830063C9A6A4}.Debug|x86.Build.0 = Debug|Win32
		{8C4CA916-C9E5-463E-B1E7-830063C9A6A4}.Release|x64.ActiveCfg = Release|x64
		{8C4CA916-C9E5-463E-B1E7-830063C9A6A4}.Release|x64.Build.0 = Release|x64
		{8C4CA916-C9E5-463E-B1E7-830063C9A6A4}.Release|x86.ActiveCfg = Release|Win32
		{8C4CA916-C9E5-463E-B1E7-830063C9A6A4}.Release|x86.Build.0 = Release|Win32
		{0FA2C186-E903-49B7-AD00-F75F4AA324C7}.Debug|x64.ActiveCfg = Debug|x64
		{0FA2C186-E903-49B7-AD00-F75F4AA324C7}.Debug|x64.Build.0 = Debug|x64
		{0FA2C186-E903-49B7-AD00-F75F4AA324C7}.Debug|x86.ActiveCfg = Debug|Win32
		{0FA2C186-E903-49B7-AD00-F75F4AA324C7}.Debug|x86.Build.0 = Debug|Win32
		{0FA2C186-E903-49B7-AD00-F75F4AA324C7}.Release|x64.ActiveCfg = Release|x64
		{0FA2C186-E903-49B7-AD00-F75F4AA324C7}.Release|x64.Build.0 = Release|x64
		{0FA2C186-E903-49B7-AD00-F75F4AA324C7}.Release|x86.ActiveCfg = Release|Win32
		{0FA2C186-E903-49B7-AD00-F75F4AA324C7}.Release|x86.Build.0 = Release|Win32
	EndGlobalSection
	GlobalSection(SolutionProperties) = preSolution
		HideSolutionNode = FALSE
	EndGlobalSection
	GlobalSection(ExtensibilityGlobals) = postSolution
		SolutionGuid = {D3F9924D-F064-47B8-BF8A-9EF81380A96A}
	EndGlobalSection
EndGlobal
